// !$*UTF8*$!
{
	archiveVersion = 1;
	classes = {
	};
	objectVersion = 56;
	objects = {

/* Begin PBXBuildFile section */
		08525D2A29952C4500E00B67 /* PlayerListViewApp.swift in Sources */ = {isa = PBXBuildFile; fileRef = 08525D2929952C4500E00B67 /* PlayerListViewApp.swift */; };
		08525D2C29952C4500E00B67 /* PlayerListView.swift in Sources */ = {isa = PBXBuildFile; fileRef = 08525D2B29952C4500E00B67 /* PlayerListView.swift */; };
		08525D2E29952C4700E00B67 /* Assets.xcassets in Resources */ = {isa = PBXBuildFile; fileRef = 08525D2D29952C4700E00B67 /* Assets.xcassets */; };
		08525D3129952C4700E00B67 /* Preview Assets.xcassets in Resources */ = {isa = PBXBuildFile; fileRef = 08525D3029952C4700E00B67 /* Preview Assets.xcassets */; };
		08525D3B29952C4700E00B67 /* PlayerListViewTests.swift in Sources */ = {isa = PBXBuildFile; fileRef = 08525D3A29952C4700E00B67 /* PlayerListViewTests.swift */; };
		08525D4529952C4700E00B67 /* PlayerListViewUITests.swift in Sources */ = {isa = PBXBuildFile; fileRef = 08525D4429952C4700E00B67 /* PlayerListViewUITests.swift */; };
		08525D4729952C4700E00B67 /* PlayerListViewUITestsLaunchTests.swift in Sources */ = {isa = PBXBuildFile; fileRef = 08525D4629952C4700E00B67 /* PlayerListViewUITestsLaunchTests.swift */; };
		08525D5429952F5600E00B67 /* PlayerDataView.swift in Sources */ = {isa = PBXBuildFile; fileRef = 08525D5329952F5600E00B67 /* PlayerDataView.swift */; };
		08525D5629952FAF00E00B67 /* Player.swift in Sources */ = {isa = PBXBuildFile; fileRef = 08525D5529952FAF00E00B67 /* Player.swift */; };
/* End PBXBuildFile section */

/* Begin PBXContainerItemProxy section */
		08525D3729952C4700E00B67 /* PBXContainerItemProxy */ = {
			isa = PBXContainerItemProxy;
			containerPortal = 08525D1E29952C4500E00B67 /* Project object */;
			proxyType = 1;
			remoteGlobalIDString = 08525D2529952C4500E00B67;
			remoteInfo = PlayerListView;
		};
		08525D4129952C4700E00B67 /* PBXContainerItemProxy */ = {
			isa = PBXContainerItemProxy;
			containerPortal = 08525D1E29952C4500E00B67 /* Project object */;
			proxyType = 1;
			remoteGlobalIDString = 08525D2529952C4500E00B67;
			remoteInfo = PlayerListView;
		};
/* End PBXContainerItemProxy section */

/* Begin PBXFileReference section */
		08525D2629952C4500E00B67 /* PlayerListView.app */ = {isa = PBXFileReference; explicitFileType = wrapper.application; includeInIndex = 0; path = PlayerListView.app; sourceTree = BUILT_PRODUCTS_DIR; };
		08525D2929952C4500E00B67 /* PlayerListViewApp.swift */ = {isa = PBXFileReference; lastKnownFileType = sourcecode.swift; path = PlayerListViewApp.swift; sourceTree = "<group>"; };
		08525D2B29952C4500E00B67 /* PlayerListView.swift */ = {isa = PBXFileReference; lastKnownFileType = sourcecode.swift; path = PlayerListView.swift; sourceTree = "<group>"; };
		08525D2D29952C4700E00B67 /* Assets.xcassets */ = {isa = PBXFileReference; lastKnownFileType = folder.assetcatalog; path = Assets.xcassets; sourceTree = "<group>"; };
		08525D3029952C4700E00B67 /* Preview Assets.xcassets */ = {isa = PBXFileReference; lastKnownFileType = folder.assetcatalog; path = "Preview Assets.xcassets"; sourceTree = "<group>"; };
		08525D3629952C4700E00B67 /* PlayerListViewTests.xctest */ = {isa = PBXFileReference; explicitFileType = wrapper.cfbundle; includeInIndex = 0; path = PlayerListViewTests.xctest; sourceTree = BUILT_PRODUCTS_DIR; };
		08525D3A29952C4700E00B67 /* PlayerListViewTests.swift */ = {isa = PBXFileReference; lastKnownFileType = sourcecode.swift; path = PlayerListViewTests.swift; sourceTree = "<group>"; };
		08525D4029952C4700E00B67 /* PlayerListViewUITests.xctest */ = {isa = PBXFileReference; explicitFileType = wrapper.cfbundle; includeInIndex = 0; path = PlayerListViewUITests.xctest; sourceTree = BUILT_PRODUCTS_DIR; };
		08525D4429952C4700E00B67 /* PlayerListViewUITests.swift */ = {isa = PBXFileReference; lastKnownFileType = sourcecode.swift; path = PlayerListViewUITests.swift; sourceTree = "<group>"; };
		08525D4629952C4700E00B67 /* PlayerListViewUITestsLaunchTests.swift */ = {isa = PBXFileReference; lastKnownFileType = sourcecode.swift; path = PlayerListViewUITestsLaunchTests.swift; sourceTree = "<group>"; };
		08525D5329952F5600E00B67 /* PlayerDataView.swift */ = {isa = PBXFileReference; lastKnownFileType = sourcecode.swift; path = PlayerDataView.swift; sourceTree = "<group>"; };
		08525D5529952FAF00E00B67 /* Player.swift */ = {isa = PBXFileReference; lastKnownFileType = sourcecode.swift; path = Player.swift; sourceTree = "<group>"; };
/* End PBXFileReference section */

/* Begin PBXFrameworksBuildPhase section */
		08525D2329952C4500E00B67 /* Frameworks */ = {
			isa = PBXFrameworksBuildPhase;
			buildActionMask = 2147483647;
			files = (
			);
			runOnlyForDeploymentPostprocessing = 0;
		};
		08525D3329952C4700E00B67 /* Frameworks */ = {
			isa = PBXFrameworksBuildPhase;
			buildActionMask = 2147483647;
			files = (
			);
			runOnlyForDeploymentPostprocessing = 0;
		};
		08525D3D29952C4700E00B67 /* Frameworks */ = {
			isa = PBXFrameworksBuildPhase;
			buildActionMask = 2147483647;
			files = (
			);
			runOnlyForDeploymentPostprocessing = 0;
		};
/* End PBXFrameworksBuildPhase section */

/* Begin PBXGroup section */
		08525D1D29952C4500E00B67 = {
			isa = PBXGroup;
			children = (
				08525D2829952C4500E00B67 /* PlayerListView */,
				08525D3929952C4700E00B67 /* PlayerListViewTests */,
				08525D4329952C4700E00B67 /* PlayerListViewUITests */,
				08525D2729952C4500E00B67 /* Products */,
			);
			sourceTree = "<group>";
		};
		08525D2729952C4500E00B67 /* Products */ = {
			isa = PBXGroup;
			children = (
				08525D2629952C4500E00B67 /* PlayerListView.app */,
				08525D3629952C4700E00B67 /* PlayerListViewTests.xctest */,
				08525D4029952C4700E00B67 /* PlayerListViewUITests.xctest */,
			);
			name = Products;
			sourceTree = "<group>";
		};
		08525D2829952C4500E00B67 /* PlayerListView */ = {
			isa = PBXGroup;
			children = (
				08525D2929952C4500E00B67 /* PlayerListViewApp.swift */,
				08525D2B29952C4500E00B67 /* PlayerListView.swift */,
				08525D5329952F5600E00B67 /* PlayerDataView.swift */,
				08525D5529952FAF00E00B67 /* Player.swift */,
				08525D2D29952C4700E00B67 /* Assets.xcassets */,
				08525D2F29952C4700E00B67 /* Preview Content */,
			);
			path = PlayerListView;
			sourceTree = "<group>";
		};
		08525D2F29952C4700E00B67 /* Preview Content */ = {
			isa = PBXGroup;
			children = (
				08525D3029952C4700E00B67 /* Preview Assets.xcassets */,
			);
			path = "Preview Content";
			sourceTree = "<group>";
		};
		08525D3929952C4700E00B67 /* PlayerListViewTests */ = {
			isa = PBXGroup;
			children = (
				08525D3A29952C4700E00B67 /* PlayerListViewTests.swift */,
			);
			path = PlayerListViewTests;
			sourceTree = "<group>";
		};
		08525D4329952C4700E00B67 /* PlayerListViewUITests */ = {
			isa = PBXGroup;
			children = (
				08525D4429952C4700E00B67 /* PlayerListViewUITests.swift */,
				08525D4629952C4700E00B67 /* PlayerListViewUITestsLaunchTests.swift */,
			);
			path = PlayerListViewUITests;
			sourceTree = "<group>";
		};
/* End PBXGroup section */

/* Begin PBXNativeTarget section */
		08525D2529952C4500E00B67 /* PlayerListView */ = {
			isa = PBXNativeTarget;
			buildConfigurationList = 08525D4A29952C4700E00B67 /* Build configuration list for PBXNativeTarget "PlayerListView" */;
			buildPhases = (
				08525D2229952C4500E00B67 /* Sources */,
				08525D2329952C4500E00B67 /* Frameworks */,
				08525D2429952C4500E00B67 /* Resources */,
			);
			buildRules = (
			);
			dependencies = (
			);
			name = PlayerListView;
			productName = PlayerListView;
			productReference = 08525D2629952C4500E00B67 /* PlayerListView.app */;
			productType = "com.apple.product-type.application";
		};
		08525D3529952C4700E00B67 /* PlayerListViewTests */ = {
			isa = PBXNativeTarget;
			buildConfigurationList = 08525D4D29952C4700E00B67 /* Build configuration list for PBXNativeTarget "PlayerListViewTests" */;
			buildPhases = (
				08525D3229952C4700E00B67 /* Sources */,
				08525D3329952C4700E00B67 /* Frameworks */,
				08525D3429952C4700E00B67 /* Resources */,
			);
			buildRules = (
			);
			dependencies = (
				08525D3829952C4700E00B67 /* PBXTargetDependency */,
			);
			name = PlayerListViewTests;
			productName = PlayerListViewTests;
			productReference = 08525D3629952C4700E00B67 /* PlayerListViewTests.xctest */;
			productType = "com.apple.product-type.bundle.unit-test";
		};
		08525D3F29952C4700E00B67 /* PlayerListViewUITests */ = {
			isa = PBXNativeTarget;
			buildConfigurationList = 08525D5029952C4700E00B67 /* Build configuration list for PBXNativeTarget "PlayerListViewUITests" */;
			buildPhases = (
				08525D3C29952C4700E00B67 /* Sources */,
				08525D3D29952C4700E00B67 /* Frameworks */,
				08525D3E29952C4700E00B67 /* Resources */,
			);
			buildRules = (
			);
			dependencies = (
				08525D4229952C4700E00B67 /* PBXTargetDependency */,
			);
			name = PlayerListViewUITests;
			productName = PlayerListViewUITests;
			productReference = 08525D4029952C4700E00B67 /* PlayerListViewUITests.xctest */;
			productType = "com.apple.product-type.bundle.ui-testing";
		};
/* End PBXNativeTarget section */

/* Begin PBXProject section */
		08525D1E29952C4500E00B67 /* Project object */ = {
			isa = PBXProject;
			attributes = {
				BuildIndependentTargetsInParallel = 1;
				LastSwiftUpdateCheck = 1420;
				LastUpgradeCheck = 1420;
				TargetAttributes = {
					08525D2529952C4500E00B67 = {
						CreatedOnToolsVersion = 14.2;
					};
					08525D3529952C4700E00B67 = {
						CreatedOnToolsVersion = 14.2;
						TestTargetID = 08525D2529952C4500E00B67;
					};
					08525D3F29952C4700E00B67 = {
						CreatedOnToolsVersion = 14.2;
						TestTargetID = 08525D2529952C4500E00B67;
					};
				};
			};
			buildConfigurationList = 08525D2129952C4500E00B67 /* Build configuration list for PBXProject "PlayerListView" */;
			compatibilityVersion = "Xcode 14.0";
			developmentRegion = en;
			hasScannedForEncodings = 0;
			knownRegions = (
				en,
				Base,
			);
			mainGroup = 08525D1D29952C4500E00B67;
			productRefGroup = 08525D2729952C4500E00B67 /* Products */;
			projectDirPath = "";
			projectRoot = "";
			targets = (
				08525D2529952C4500E00B67 /* PlayerListView */,
				08525D3529952C4700E00B67 /* PlayerListViewTests */,
				08525D3F29952C4700E00B67 /* PlayerListViewUITests */,
			);
		};
/* End PBXProject section */

/* Begin PBXResourcesBuildPhase section */
		08525D2429952C4500E00B67 /* Resources */ = {
			isa = PBXResourcesBuildPhase;
			buildActionMask = 2147483647;
			files = (
				08525D3129952C4700E00B67 /* Preview Assets.xcassets in Resources */,
				08525D2E29952C4700E00B67 /* Assets.xcassets in Resources */,
			);
			runOnlyForDeploymentPostprocessing = 0;
		};
		08525D3429952C4700E00B67 /* Resources */ = {
			isa = PBXResourcesBuildPhase;
			buildActionMask = 2147483647;
			files = (
			);
			runOnlyForDeploymentPostprocessing = 0;
		};
		08525D3E29952C4700E00B67 /* Resources */ = {
			isa = PBXResourcesBuildPhase;
			buildActionMask = 2147483647;
			files = (
			);
			runOnlyForDeploymentPostprocessing = 0;
		};
/* End PBXResourcesBuildPhase section */

/* Begin PBXSourcesBuildPhase section */
		08525D2229952C4500E00B67 /* Sources */ = {
			isa = PBXSourcesBuildPhase;
			buildActionMask = 2147483647;
			files = (
				08525D5629952FAF00E00B67 /* Player.swift in Sources */,
				08525D2C29952C4500E00B67 /* PlayerListView.swift in Sources */,
				08525D2A29952C4500E00B67 /* PlayerListViewApp.swift in Sources */,
				08525D5429952F5600E00B67 /* PlayerDataView.swift in Sources */,
			);
			runOnlyForDeploymentPostprocessing = 0;
		};
		08525D3229952C4700E00B67 /* Sources */ = {
			isa = PBXSourcesBuildPhase;
			buildActionMask = 2147483647;
			files = (
				08525D3B29952C4700E00B67 /* PlayerListViewTests.swift in Sources */,
			);
			runOnlyForDeploymentPostprocessing = 0;
		};
		08525D3C29952C4700E00B67 /* Sources */ = {
			isa = PBXSourcesBuildPhase;
			buildActionMask = 2147483647;
			files = (
				08525D4729952C4700E00B67 /* PlayerListViewUITestsLaunchTests.swift in Sources */,
				08525D4529952C4700E00B67 /* PlayerListViewUITests.swift in Sources */,
			);
			runOnlyForDeploymentPostprocessing = 0;
		};
/* End PBXSourcesBuildPhase section */

/* Begin PBXTargetDependency section */
		08525D3829952C4700E00B67 /* PBXTargetDependency */ = {
			isa = PBXTargetDependency;
			target = 08525D2529952C4500E00B67 /* PlayerListView */;
			targetProxy = 08525D3729952C4700E00B67 /* PBXContainerItemProxy */;
		};
		08525D4229952C4700E00B67 /* PBXTargetDependency */ = {
			isa = PBXTargetDependency;
			target = 08525D2529952C4500E00B67 /* PlayerListView */;
			targetProxy = 08525D4129952C4700E00B67 /* PBXContainerItemProxy */;
		};
/* End PBXTargetDependency section */

/* Begin XCBuildConfiguration section */
		08525D4829952C4700E00B67 /* Debug */ = {
			isa = XCBuildConfiguration;
			buildSettings = {
				ALWAYS_SEARCH_USER_PATHS = NO;
				CLANG_ANALYZER_NONNULL = YES;
				CLANG_ANALYZER_NUMBER_OBJECT_CONVERSION = YES_AGGRESSIVE;
				CLANG_CXX_LANGUAGE_STANDARD = "gnu++20";
				CLANG_ENABLE_MODULES = YES;
				CLANG_ENABLE_OBJC_ARC = YES;
				CLANG_ENABLE_OBJC_WEAK = YES;
				CLANG_WARN_BLOCK_CAPTURE_AUTORELEASING = YES;
				CLANG_WARN_BOOL_CONVERSION = YES;
				CLANG_WARN_COMMA = YES;
				CLANG_WARN_CONSTANT_CONVERSION = YES;
				CLANG_WARN_DEPRECATED_OBJC_IMPLEMENTATIONS = YES;
				CLANG_WARN_DIRECT_OBJC_ISA_USAGE = YES_ERROR;
				CLANG_WARN_DOCUMENTATION_COMMENTS = YES;
				CLANG_WARN_EMPTY_BODY = YES;
				CLANG_WARN_ENUM_CONVERSION = YES;
				CLANG_WARN_INFINITE_RECURSION = YES;
				CLANG_WARN_INT_CONVERSION = YES;
				CLANG_WARN_NON_LITERAL_NULL_CONVERSION = YES;
				CLANG_WARN_OBJC_IMPLICIT_RETAIN_SELF = YES;
				CLANG_WARN_OBJC_LITERAL_CONVERSION = YES;
				CLANG_WARN_OBJC_ROOT_CLASS = YES_ERROR;
				CLANG_WARN_QUOTED_INCLUDE_IN_FRAMEWORK_HEADER = YES;
				CLANG_WARN_RANGE_LOOP_ANALYSIS = YES;
				CLANG_WARN_STRICT_PROTOTYPES = YES;
				CLANG_WARN_SUSPICIOUS_MOVE = YES;
				CLANG_WARN_UNGUARDED_AVAILABILITY = YES_AGGRESSIVE;
				CLANG_WARN_UNREACHABLE_CODE = YES;
				CLANG_WARN__DUPLICATE_METHOD_MATCH = YES;
				COPY_PHASE_STRIP = NO;
				DEBUG_INFORMATION_FORMAT = dwarf;
				ENABLE_STRICT_OBJC_MSGSEND = YES;
				ENABLE_TESTABILITY = YES;
				GCC_C_LANGUAGE_STANDARD = gnu11;
				GCC_DYNAMIC_NO_PIC = NO;
				GCC_NO_COMMON_BLOCKS = YES;
				GCC_OPTIMIZATION_LEVEL = 0;
				GCC_PREPROCESSOR_DEFINITIONS = (
					"DEBUG=1",
					"$(inherited)",
				);
				GCC_WARN_64_TO_32_BIT_CONVERSION = YES;
				GCC_WARN_ABOUT_RETURN_TYPE = YES_ERROR;
				GCC_WARN_UNDECLARED_SELECTOR = YES;
				GCC_WARN_UNINITIALIZED_AUTOS = YES_AGGRESSIVE;
				GCC_WARN_UNUSED_FUNCTION = YES;
				GCC_WARN_UNUSED_VARIABLE = YES;
				IPHONEOS_DEPLOYMENT_TARGET = 16.2;
				MTL_ENABLE_DEBUG_INFO = INCLUDE_SOURCE;
				MTL_FAST_MATH = YES;
				ONLY_ACTIVE_ARCH = YES;
				SDKROOT = iphoneos;
				SWIFT_ACTIVE_COMPILATION_CONDITIONS = DEBUG;
				SWIFT_OPTIMIZATION_LEVEL = "-Onone";
			};
			name = Debug;
		};
		08525D4929952C4700E00B67 /* Release */ = {
			isa = XCBuildConfiguration;
			buildSettings = {
				ALWAYS_SEARCH_USER_PATHS = NO;
				CLANG_ANALYZER_NONNULL = YES;
				CLANG_ANALYZER_NUMBER_OBJECT_CONVERSION = YES_AGGRESSIVE;
				CLANG_CXX_LANGUAGE_STANDARD = "gnu++20";
				CLANG_ENABLE_MODULES = YES;
				CLANG_ENABLE_OBJC_ARC = YES;
				CLANG_ENABLE_OBJC_WEAK = YES;
				CLANG_WARN_BLOCK_CAPTURE_AUTORELEASING = YES;
				CLANG_WARN_BOOL_CONVERSION = YES;
				CLANG_WARN_COMMA = YES;
				CLANG_WARN_CONSTANT_CONVERSION = YES;
				CLANG_WARN_DEPRECATED_OBJC_IMPLEMENTATIONS = YES;
				CLANG_WARN_DIRECT_OBJC_ISA_USAGE = YES_ERROR;
				CLANG_WARN_DOCUMENTATION_COMMENTS = YES;
				CLANG_WARN_EMPTY_BODY = YES;
				CLANG_WARN_ENUM_CONVERSION = YES;
				CLANG_WARN_INFINITE_RECURSION = YES;
				CLANG_WARN_INT_CONVERSION = YES;
				CLANG_WARN_NON_LITERAL_NULL_CONVERSION = YES;
				CLANG_WARN_OBJC_IMPLICIT_RETAIN_SELF = YES;
				CLANG_WARN_OBJC_LITERAL_CONVERSION = YES;
				CLANG_WARN_OBJC_ROOT_CLASS = YES_ERROR;
				CLANG_WARN_QUOTED_INCLUDE_IN_FRAMEWORK_HEADER = YES;
				CLANG_WARN_RANGE_LOOP_ANALYSIS = YES;
				CLANG_WARN_STRICT_PROTOTYPES = YES;
				CLANG_WARN_SUSPICIOUS_MOVE = YES;
				CLANG_WARN_UNGUARDED_AVAILABILITY = YES_AGGRESSIVE;
				CLANG_WARN_UNREACHABLE_CODE = YES;
				CLANG_WARN__DUPLICATE_METHOD_MATCH = YES;
				COPY_PHASE_STRIP = NO;
				DEBUG_INFORMATION_FORMAT = "dwarf-with-dsym";
				ENABLE_NS_ASSERTIONS = NO;
				ENABLE_STRICT_OBJC_MSGSEND = YES;
				GCC_C_LANGUAGE_STANDARD = gnu11;
				GCC_NO_COMMON_BLOCKS = YES;
				GCC_WARN_64_TO_32_BIT_CONVERSION = YES;
				GCC_WARN_ABOUT_RETURN_TYPE = YES_ERROR;
				GCC_WARN_UNDECLARED_SELECTOR = YES;
				GCC_WARN_UNINITIALIZED_AUTOS = YES_AGGRESSIVE;
				GCC_WARN_UNUSED_FUNCTION = YES;
				GCC_WARN_UNUSED_VARIABLE = YES;
				IPHONEOS_DEPLOYMENT_TARGET = 16.2;
				MTL_ENABLE_DEBUG_INFO = NO;
				MTL_FAST_MATH = YES;
				SDKROOT = iphoneos;
				SWIFT_COMPILATION_MODE = wholemodule;
				SWIFT_OPTIMIZATION_LEVEL = "-O";
				VALIDATE_PRODUCT = YES;
			};
			name = Release;
		};
		08525D4B29952C4700E00B67 /* Debug */ = {
			isa = XCBuildConfiguration;
			buildSettings = {
				ASSETCATALOG_COMPILER_APPICON_NAME = AppIcon;
				ASSETCATALOG_COMPILER_GLOBAL_ACCENT_COLOR_NAME = AccentColor;
				CODE_SIGN_STYLE = Automatic;
				CURRENT_PROJECT_VERSION = 1;
				DEVELOPMENT_ASSET_PATHS = "\"PlayerListView/Preview Content\"";
				DEVELOPMENT_TEAM = VKJF2C93C9;
				ENABLE_PREVIEWS = YES;
				GENERATE_INFOPLIST_FILE = YES;
				INFOPLIST_KEY_UIApplicationSceneManifest_Generation = YES;
				INFOPLIST_KEY_UIApplicationSupportsIndirectInputEvents = YES;
				INFOPLIST_KEY_UILaunchScreen_Generation = YES;
				INFOPLIST_KEY_UISupportedInterfaceOrientations_iPad = "UIInterfaceOrientationPortrait UIInterfaceOrientationPortraitUpsideDown UIInterfaceOrientationLandscapeLeft UIInterfaceOrientationLandscapeRight";
				INFOPLIST_KEY_UISupportedInterfaceOrientations_iPhone = "UIInterfaceOrientationPortrait UIInterfaceOrientationLandscapeLeft UIInterfaceOrientationLandscapeRight";
				LD_RUNPATH_SEARCH_PATHS = (
					"$(inherited)",
					"@executable_path/Frameworks",
				);
				MARKETING_VERSION = 1.0;
				PRODUCT_BUNDLE_IDENTIFIER = "-.PlayerListView";
				PRODUCT_NAME = "$(TARGET_NAME)";
				SWIFT_EMIT_LOC_STRINGS = YES;
				SWIFT_VERSION = 5.0;
				TARGETED_DEVICE_FAMILY = "1,2";
			};
			name = Debug;
		};
		08525D4C29952C4700E00B67 /* Release */ = {
			isa = XCBuildConfiguration;
			buildSettings = {
				ASSETCATALOG_COMPILER_APPICON_NAME = AppIcon;
				ASSETCATALOG_COMPILER_GLOBAL_ACCENT_COLOR_NAME = AccentColor;
				CODE_SIGN_STYLE = Automatic;
				CURRENT_PROJECT_VERSION = 1;
				DEVELOPMENT_ASSET_PATHS = "\"PlayerListView/Preview Content\"";
				DEVELOPMENT_TEAM = VKJF2C93C9;
				ENABLE_PREVIEWS = YES;
				GENERATE_INFOPLIST_FILE = YES;
				INFOPLIST_KEY_UIApplicationSceneManifest_Generation = YES;
				INFOPLIST_KEY_UIApplicationSupportsIndirectInputEvents = YES;
				INFOPLIST_KEY_UILaunchScreen_Generation = YES;
				INFOPLIST_KEY_UISupportedInterfaceOrientations_iPad = "UIInterfaceOrientationPortrait UIInterfaceOrientationPortraitUpsideDown UIInterfaceOrientationLandscapeLeft UIInterfaceOrientationLandscapeRight";
				INFOPLIST_KEY_UISupportedInterfaceOrientations_iPhone = "UIInterfaceOrientationPortrait UIInterfaceOrientationLandscapeLeft UIInterfaceOrientationLandscapeRight";
				LD_RUNPATH_SEARCH_PATHS = (
					"$(inherited)",
					"@executable_path/Frameworks",
				);
				MARKETING_VERSION = 1.0;
				PRODUCT_BUNDLE_IDENTIFIER = "-.PlayerListView";
				PRODUCT_NAME = "$(TARGET_NAME)";
				SWIFT_EMIT_LOC_STRINGS = YES;
				SWIFT_VERSION = 5.0;
				TARGETED_DEVICE_FAMILY = "1,2";
			};
			name = Release;
		};
		08525D4E29952C4700E00B67 /* Debug */ = {
			isa = XCBuildConfiguration;
			buildSettings = {
				ALWAYS_EMBED_SWIFT_STANDARD_LIBRARIES = YES;
				BUNDLE_LOADER = "$(TEST_HOST)";
				CODE_SIGN_STYLE = Automatic;
				CURRENT_PROJECT_VERSION = 1;
				DEVELOPMENT_TEAM = VKJF2C93C9;
				GENERATE_INFOPLIST_FILE = YES;
				IPHONEOS_DEPLOYMENT_TARGET = 16.2;
				MARKETING_VERSION = 1.0;
				PRODUCT_BUNDLE_IDENTIFIER = "-.PlayerListViewTests";
				PRODUCT_NAME = "$(TARGET_NAME)";
				SWIFT_EMIT_LOC_STRINGS = NO;
				SWIFT_VERSION = 5.0;
				TARGETED_DEVICE_FAMILY = "1,2";
				TEST_HOST = "$(BUILT_PRODUCTS_DIR)/PlayerListView.app/$(BUNDLE_EXECUTABLE_FOLDER_PATH)/PlayerListView";
			};
			name = Debug;
		};
		08525D4F29952C4700E00B67 /* Release */ = {
			isa = XCBuildConfiguration;
			buildSettings = {
				ALWAYS_EMBED_SWIFT_STANDARD_LIBRARIES = YES;
				BUNDLE_LOADER = "$(TEST_HOST)";
				CODE_SIGN_STYLE = Automatic;
				CURRENT_PROJECT_VERSION = 1;
				DEVELOPMENT_TEAM = VKJF2C93C9;
				GENERATE_INFOPLIST_FILE = YES;
				IPHONEOS_DEPLOYMENT_TARGET = 16.2;
				MARKETING_VERSION = 1.0;
				PRODUCT_BUNDLE_IDENTIFIER = "-.PlayerListViewTests";
				PRODUCT_NAME = "$(TARGET_NAME)";
				SWIFT_EMIT_LOC_STRINGS = NO;
				SWIFT_VERSION = 5.0;
				TARGETED_DEVICE_FAMILY = "1,2";
				TEST_HOST = "$(BUILT_PRODUCTS_DIR)/PlayerListView.app/$(BUNDLE_EXECUTABLE_FOLDER_PATH)/PlayerListView";
			};
			name = Release;
		};
		08525D5129952C4700E00B67 /* Debug */ = {
			isa = XCBuildConfiguration;
			buildSettings = {
				ALWAYS_EMBED_SWIFT_STANDARD_LIBRARIES = YES;
				CODE_SIGN_STYLE = Automatic;
				CURRENT_PROJECT_VERSION = 1;
				DEVELOPMENT_TEAM = VKJF2C93C9;
				GENERATE_INFOPLIST_FILE = YES;
				MARKETING_VERSION = 1.0;
				PRODUCT_BUNDLE_IDENTIFIER = "-.PlayerListViewUITests";
				PRODUCT_NAME = "$(TARGET_NAME)";
				SWIFT_EMIT_LOC_STRINGS = NO;
				SWIFT_VERSION = 5.0;
				TARGETED_DEVICE_FAMILY = "1,2";
				TEST_TARGET_NAME = PlayerListView;
			};
			name = Debug;
		};
		08525D5229952C4700E00B67 /* Release */ = {
			isa = XCBuildConfiguration;
			buildSettings = {
				ALWAYS_EMBED_SWIFT_STANDARD_LIBRARIES = YES;
				CODE_SIGN_STYLE = Automatic;
				CURRENT_PROJECT_VERSION = 1;
				DEVELOPMENT_TEAM = VKJF2C93C9;
				GENERATE_INFOPLIST_FILE = YES;
				MARKETING_VERSION = 1.0;
				PRODUCT_BUNDLE_IDENTIFIER = "-.PlayerListViewUITests";
				PRODUCT_NAME = "$(TARGET_NAME)";
				SWIFT_EMIT_LOC_STRINGS = NO;
				SWIFT_VERSION = 5.0;
				TARGETED_DEVICE_FAMILY = "1,2";
				TEST_TARGET_NAME = PlayerListView;
			};
			name = Release;
		};
/* End XCBuildConfiguration section */

/* Begin XCConfigurationList section */
		08525D2129952C4500E00B67 /* Build configuration list for PBXProject "PlayerListView" */ = {
			isa = XCConfigurationList;
			buildConfigurations = (
				08525D4829952C4700E00B67 /* Debug */,
				08525D4929952C4700E00B67 /* Release */,
			);
			defaultConfigurationIsVisible = 0;
			defaultConfigurationName = Release;
		};
		08525D4A29952C4700E00B67 /* Build configuration list for PBXNativeTarget "PlayerListView" */ = {
			isa = XCConfigurationList;
			buildConfigurations = (
				08525D4B29952C4700E00B67 /* Debug */,
				08525D4C29952C4700E00B67 /* Release */,
			);
			defaultConfigurationIsVisible = 0;
			defaultConfigurationName = Release;
		};
		08525D4D29952C4700E00B67 /* Build configuration list for PBXNativeTarget "PlayerListViewTests" */ = {
			isa = XCConfigurationList;
			buildConfigurations = (
				08525D4E29952C4700E00B67 /* Debug */,
				08525D4F29952C4700E00B67 /* Release */,
			);
			defaultConfigurationIsVisible = 0;
			defaultConfigurationName = Release;
		};
		08525D5029952C4700E00B67 /* Build configuration list for PBXNativeTarget "PlayerListViewUITests" */ = {
			isa = XCConfigurationList;
			buildConfigurations = (
				08525D5129952C4700E00B67 /* Debug */,
				08525D5229952C4700E00B67 /* Release */,
			);
			defaultConfigurationIsVisible = 0;
			defaultConfigurationName = Release;
		};
/* End XCConfigurationList section */
	};
	rootObject = 08525D1E29952C4500E00B67 /* Project object */;
}
